
Microsoft Visual Studio Solution File, Format Version 12.00
# Visual Studio Version 16
VisualStudioVersion = 16.0.31424.327
MinimumVisualStudioVersion = 10.0.40219.1
Project("{FAE04EC0-301F-11D3-BF4B-00C04F79EFBC}") = "biblioteque", "biblioteque.csproj", "{E9BEE163-52F2-4403-9FF6-E4B28DE5FDB8}"
EndProject
Project("{00D1A9C2-B5F0-4AF3-8072-F6C62B433612}") = "projetdb", "..\projetdb\projetdb.sqlproj", "{8F51AE22-F80C-490A-B95D-82A474E56491}"
EndProject
Global
	GlobalSection(SolutionConfigurationPlatforms) = preSolution
		Debug|Any CPU = Debug|Any CPU
		Release|Any CPU = Release|Any CPU
	EndGlobalSection
	GlobalSection(ProjectConfigurationPlatforms) = postSolution
		{E9BEE163-52F2-4403-9FF6-E4B28DE5FDB8}.Debug|Any CPU.ActiveCfg = Debug|Any CPU
		{E9BEE163-52F2-4403-9FF6-E4B28DE5FDB8}.Debug|Any CPU.Build.0 = Debug|Any CPU
		{E9BEE163-52F2-4403-9FF6-E4B28DE5FDB8}.Release|Any CPU.ActiveCfg = Release|Any CPU
		{E9BEE163-52F2-4403-9FF6-E4B28DE5FDB8}.Release|Any CPU.Build.0 = Release|Any CPU
		{8F51AE22-F80C-490A-B95D-82A474E56491}.Debug|Any CPU.ActiveCfg = Debug|Any CPU
		{8F51AE22-F80C-490A-B95D-82A474E56491}.Debug|Any CPU.Build.0 = Debug|Any CPU
		{8F51AE22-F80C-490A-B95D-82A474E56491}.Debug|Any CPU.Deploy.0 = Debug|Any CPU
		{8F51AE22-F80C-490A-B95D-82A474E56491}.Release|Any CPU.ActiveCfg = Release|Any CPU
		{8F51AE22-F80C-490A-B95D-82A474E56491}.Release|Any CPU.Build.0 = Release|Any CPU
		{8F51AE22-F80C-490A-B95D-82A474E56491}.Release|Any CPU.Deploy.0 = Release|Any CPU
	EndGlobalSection
	GlobalSection(SolutionProperties) = preSolution
		HideSolutionNode = FALSE
	EndGlobalSection
	GlobalSection(ExtensibilityGlobals) = postSolution
		SolutionGuid = {A07222EE-C276-4262-ADC6-E194D0373D42}
	EndGlobalSection
EndGlobal
